
Microsoft Visual Studio Solution File, Format Version 12.00
# Visual Studio Version 16
VisualStudioVersion = 16.0.30804.86
MinimumVisualStudioVersion = 10.0.40219.1
Project("{9A19103F-16F7-4668-BE54-9A1E7A4F7556}") = "Intex2021FagElGamous", "Intex2021FagElGamous.csproj", "{2F4AC5B9-D6D5-49A2-AD90-5A6EED5C03C5}"
EndProject
Global
	GlobalSection(SolutionConfigurationPlatforms) = preSolution
		Debug|Any CPU = Debug|Any CPU
		Release|Any CPU = Release|Any CPU
	EndGlobalSection
	GlobalSection(ProjectConfigurationPlatforms) = postSolution
		{2F4AC5B9-D6D5-49A2-AD90-5A6EED5C03C5}.Debug|Any CPU.ActiveCfg = Debug|Any CPU
		{2F4AC5B9-D6D5-49A2-AD90-5A6EED5C03C5}.Debug|Any CPU.Build.0 = Debug|Any CPU
		{2F4AC5B9-D6D5-49A2-AD90-5A6EED5C03C5}.Release|Any CPU.ActiveCfg = Release|Any CPU
		{2F4AC5B9-D6D5-49A2-AD90-5A6EED5C03C5}.Release|Any CPU.Build.0 = Release|Any CPU
	EndGlobalSection
	GlobalSection(SolutionProperties) = preSolution
		HideSolutionNode = FALSE
	EndGlobalSection
	GlobalSection(ExtensibilityGlobals) = postSolution
		SolutionGuid = {5E011D7E-2FC5-4FF9-9910-B056A96D2590}
	EndGlobalSection
EndGlobal
